
Microsoft Visual Studio Solution File, Format Version 12.00
# Visual Studio Version 17
VisualStudioVersion = 17.4.33122.133
MinimumVisualStudioVersion = 10.0.40219.1
Project("{9A19103F-16F7-4668-BE54-9A1E7A4F7556}") = "FavoritArtister", "Acme\FavoritArtister.csproj", "{35905E7B-AD9F-4F12-911D-A05223A0F069}"
EndProject
Global
	GlobalSection(SolutionConfigurationPlatforms) = preSolution
		Debug|Any CPU = Debug|Any CPU
		Release|Any CPU = Release|Any CPU
	EndGlobalSection
	GlobalSection(ProjectConfigurationPlatforms) = postSolution
		{35905E7B-AD9F-4F12-911D-A05223A0F069}.Debug|Any CPU.ActiveCfg = Debug|Any CPU
		{35905E7B-AD9F-4F12-911D-A05223A0F069}.Debug|Any CPU.Build.0 = Debug|Any CPU
		{35905E7B-AD9F-4F12-911D-A05223A0F069}.Release|Any CPU.ActiveCfg = Release|Any CPU
		{35905E7B-AD9F-4F12-911D-A05223A0F069}.Release|Any CPU.Build.0 = Release|Any CPU
	EndGlobalSection
	GlobalSection(SolutionProperties) = preSolution
		HideSolutionNode = FALSE
	EndGlobalSection
	GlobalSection(ExtensibilityGlobals) = postSolution
		SolutionGuid = {FD1DEA10-C6E2-4BCE-8448-B21E56D54899}
	EndGlobalSection
EndGlobal
